
Microsoft Visual Studio Solution File, Format Version 12.00
# Visual Studio Version 17
VisualStudioVersion = 17.11.35327.3
MinimumVisualStudioVersion = 10.0.40219.1
Project("{9A19103F-16F7-4668-BE54-9A1E7A4F7556}") = "LojinhaAPI", "LojinhaAPI.csproj", "{265903D9-8A31-41FF-9E7C-38AFF78C9EC2}"
EndProject
Project("{FAE04EC0-301F-11D3-BF4B-00C04F79EFBC}") = "LojinhaAPI.Domains", "..\LojinhaAPI.Domains\LojinhaAPI.Domains.csproj", "{B62FD5F6-B899-4709-BE45-69CBE930413F}"
EndProject
Project("{FAE04EC0-301F-11D3-BF4B-00C04F79EFBC}") = "LojinhaAPI.Infraestructure", "..\LojinhaAPI.Infraestructure\LojinhaAPI.Infraestructure.csproj", "{98D988EC-E32D-4BC6-B0D5-E473D26C7247}"
EndProject
Global
	GlobalSection(SolutionConfigurationPlatforms) = preSolution
		Debug|Any CPU = Debug|Any CPU
		Release|Any CPU = Release|Any CPU
	EndGlobalSection
	GlobalSection(ProjectConfigurationPlatforms) = postSolution
		{265903D9-8A31-41FF-9E7C-38AFF78C9EC2}.Debug|Any CPU.ActiveCfg = Debug|Any CPU
		{265903D9-8A31-41FF-9E7C-38AFF78C9EC2}.Debug|Any CPU.Build.0 = Debug|Any CPU
		{265903D9-8A31-41FF-9E7C-38AFF78C9EC2}.Release|Any CPU.ActiveCfg = Release|Any CPU
		{265903D9-8A31-41FF-9E7C-38AFF78C9EC2}.Release|Any CPU.Build.0 = Release|Any CPU
		{B62FD5F6-B899-4709-BE45-69CBE930413F}.Debug|Any CPU.ActiveCfg = Debug|Any CPU
		{B62FD5F6-B899-4709-BE45-69CBE930413F}.Debug|Any CPU.Build.0 = Debug|Any CPU
		{B62FD5F6-B899-4709-BE45-69CBE930413F}.Release|Any CPU.ActiveCfg = Release|Any CPU
		{B62FD5F6-B899-4709-BE45-69CBE930413F}.Release|Any CPU.Build.0 = Release|Any CPU
		{98D988EC-E32D-4BC6-B0D5-E473D26C7247}.Debug|Any CPU.ActiveCfg = Debug|Any CPU
		{98D988EC-E32D-4BC6-B0D5-E473D26C7247}.Debug|Any CPU.Build.0 = Debug|Any CPU
		{98D988EC-E32D-4BC6-B0D5-E473D26C7247}.Release|Any CPU.ActiveCfg = Release|Any CPU
		{98D988EC-E32D-4BC6-B0D5-E473D26C7247}.Release|Any CPU.Build.0 = Release|Any CPU
	EndGlobalSection
	GlobalSection(SolutionProperties) = preSolution
		HideSolutionNode = FALSE
	EndGlobalSection
	GlobalSection(ExtensibilityGlobals) = postSolution
		SolutionGuid = {2DB11F0F-DD35-4F24-83F2-73E4AD7726B4}
	EndGlobalSection
EndGlobal
