
Microsoft Visual Studio Solution File, Format Version 12.00
# Visual Studio Version 17
VisualStudioVersion = 17.6.33815.320
MinimumVisualStudioVersion = 10.0.40219.1
Project("{9A19103F-16F7-4668-BE54-9A1E7A4F7556}") = "POC_Auth", "POC_Auth\POC_Auth.csproj", "{32C4ABBD-F0EE-4F74-B702-33514128A068}"
EndProject
Project("{FAE04EC0-301F-11D3-BF4B-00C04F79EFBC}") = "POC_Auth_Consumer", "POC_Auth_Consumer\POC_Auth_Consumer.csproj", "{73C1304C-ED56-412C-865E-92D867868C50}"
EndProject
Project("{FAE04EC0-301F-11D3-BF4B-00C04F79EFBC}") = "POC_Shared", "POC_Shared\POC_Shared.csproj", "{8C5C8BCF-73F5-487A-96F2-FCADF8C0EF98}"
EndProject
Project("{E53339B2-1760-4266-BCC7-CA923CBCF16C}") = "docker-compose", "docker-compose.dcproj", "{1C3A3222-7178-41D8-B680-ABE4400C9D3C}"
EndProject
Global
	GlobalSection(SolutionConfigurationPlatforms) = preSolution
		Debug|Any CPU = Debug|Any CPU
		Release|Any CPU = Release|Any CPU
	EndGlobalSection
	GlobalSection(ProjectConfigurationPlatforms) = postSolution
		{32C4ABBD-F0EE-4F74-B702-33514128A068}.Debug|Any CPU.ActiveCfg = Debug|Any CPU
		{32C4ABBD-F0EE-4F74-B702-33514128A068}.Debug|Any CPU.Build.0 = Debug|Any CPU
		{32C4ABBD-F0EE-4F74-B702-33514128A068}.Release|Any CPU.ActiveCfg = Release|Any CPU
		{32C4ABBD-F0EE-4F74-B702-33514128A068}.Release|Any CPU.Build.0 = Release|Any CPU
		{73C1304C-ED56-412C-865E-92D867868C50}.Debug|Any CPU.ActiveCfg = Debug|Any CPU
		{73C1304C-ED56-412C-865E-92D867868C50}.Debug|Any CPU.Build.0 = Debug|Any CPU
		{73C1304C-ED56-412C-865E-92D867868C50}.Release|Any CPU.ActiveCfg = Release|Any CPU
		{73C1304C-ED56-412C-865E-92D867868C50}.Release|Any CPU.Build.0 = Release|Any CPU
		{8C5C8BCF-73F5-487A-96F2-FCADF8C0EF98}.Debug|Any CPU.ActiveCfg = Debug|Any CPU
		{8C5C8BCF-73F5-487A-96F2-FCADF8C0EF98}.Debug|Any CPU.Build.0 = Debug|Any CPU
		{8C5C8BCF-73F5-487A-96F2-FCADF8C0EF98}.Release|Any CPU.ActiveCfg = Release|Any CPU
		{8C5C8BCF-73F5-487A-96F2-FCADF8C0EF98}.Release|Any CPU.Build.0 = Release|Any CPU
		{1C3A3222-7178-41D8-B680-ABE4400C9D3C}.Debug|Any CPU.ActiveCfg = Debug|Any CPU
		{1C3A3222-7178-41D8-B680-ABE4400C9D3C}.Debug|Any CPU.Build.0 = Debug|Any CPU
		{1C3A3222-7178-41D8-B680-ABE4400C9D3C}.Release|Any CPU.ActiveCfg = Release|Any CPU
		{1C3A3222-7178-41D8-B680-ABE4400C9D3C}.Release|Any CPU.Build.0 = Release|Any CPU
	EndGlobalSection
	GlobalSection(SolutionProperties) = preSolution
		HideSolutionNode = FALSE
	EndGlobalSection
	GlobalSection(ExtensibilityGlobals) = postSolution
		SolutionGuid = {518ACB13-99BB-4071-8607-2E0E31FA57F4}
	EndGlobalSection
EndGlobal
